
Microsoft Visual Studio Solution File, Format Version 12.00
# Visual Studio Version 17
VisualStudioVersion = 17.5.002.0
MinimumVisualStudioVersion = 10.0.40219.1
Project("{9A19103F-16F7-4668-BE54-9A1E7A4F7556}") = "WebApiInalambria", "WebApiInalambria.csproj", "{7D5CCD52-2931-481E-A715-E000A2E75207}"
EndProject
Global
	GlobalSection(SolutionConfigurationPlatforms) = preSolution
		Debug|Any CPU = Debug|Any CPU
		Release|Any CPU = Release|Any CPU
	EndGlobalSection
	GlobalSection(ProjectConfigurationPlatforms) = postSolution
		{7D5CCD52-2931-481E-A715-E000A2E75207}.Debug|Any CPU.ActiveCfg = Debug|Any CPU
		{7D5CCD52-2931-481E-A715-E000A2E75207}.Debug|Any CPU.Build.0 = Debug|Any CPU
		{7D5CCD52-2931-481E-A715-E000A2E75207}.Release|Any CPU.ActiveCfg = Release|Any CPU
		{7D5CCD52-2931-481E-A715-E000A2E75207}.Release|Any CPU.Build.0 = Release|Any CPU
	EndGlobalSection
	GlobalSection(SolutionProperties) = preSolution
		HideSolutionNode = FALSE
	EndGlobalSection
	GlobalSection(ExtensibilityGlobals) = postSolution
		SolutionGuid = {19292B2A-4BE1-4415-9053-7809745B75A9}
	EndGlobalSection
EndGlobal
